{
  "version": 4,
  "terraform_version": "1.12.2",
  "serial": 27,
  "lineage": "e2965a4b-d92b-7e35-603a-1ce2cb85c153",
  "outputs": {
    "bucket_names_created": {
      "value": [
        "test1",
        "test2",
        "test3"
      ],
      "type": [
        "tuple",
        [
          "string",
          "string",
          "string"
        ]
      ]
    },
    "instance_id": {
      "value": "i-c635346acf1126796",
      "type": "string"
    },
    "instance_public_ip": {
      "value": "54.214.109.2",
      "type": "string"
    },
    "secondary_instance_id": {
      "value": "i-bb3deb12f3c4b0189",
      "type": "string"
    },
    "secondary_instance_public_ip": {
      "value": "54.214.134.175",
      "type": "string"
    }
  },
  "resources": [
    {
      "mode": "data",
      "type": "aws_ami",
      "name": "al2023",
      "provider": "provider[\"registry.terraform.io/hashicorp/aws\"]",
      "instances": [
        {
          "schema_version": 0,
          "attributes": {
            "allow_unsafe_filter": null,
            "architecture": "x86_64",
            "arn": "arn:aws:ec2:us-east-1::image/ami-0e052aea824e7a452",
            "block_device_mappings": [
              {
                "device_name": "/dev/xvda",
                "ebs": {
                  "delete_on_termination": "false",
                  "encrypted": "false",
                  "iops": "0",
                  "snapshot_id": "snap-4cc3bbbcc9775c632",
                  "throughput": "0",
                  "volume_initialization_rate": "0",
                  "volume_size": "15",
                  "volume_type": "standard"
                },
                "no_device": "",
                "virtual_name": ""
              }
            ],
            "boot_mode": "",
            "creation_date": "2025-08-08T11:07:26.000Z",
            "deprecation_time": "",
            "description": "Amazon Linux 2023 AMI 2023.7.20250512.0 x86_64 Minimal HVM kernel-6.1",
            "ena_support": false,
            "executable_users": null,
            "filter": [
              {
                "name": "name",
                "values": [
                  "al2023-ami-*-x86_64"
                ]
              },
              {
                "name": "root-device-type",
                "values": [
                  "ebs"
                ]
              },
              {
                "name": "virtualization-type",
                "values": [
                  "hvm"
                ]
              }
            ],
            "hypervisor": "xen",
            "id": "ami-0e052aea824e7a452",
            "image_id": "ami-0e052aea824e7a452",
            "image_location": "None",
            "image_owner_alias": "amazon",
            "image_type": "machine",
            "imds_support": "",
            "include_deprecated": false,
            "kernel_id": "None",
            "last_launched_time": "",
            "most_recent": true,
            "name": "al2023-ami-minimal-2023.7.20250512.0-kernel-6.1-x86_64",
            "name_regex": null,
            "owner_id": "137112412989",
            "owners": [
              "amazon"
            ],
            "platform": "",
            "platform_details": "",
            "product_codes": [],
            "public": true,
            "ramdisk_id": "ari-1a2b3c4d",
            "region": "us-east-1",
            "root_device_name": "/dev/xvda",
            "root_device_type": "ebs",
            "root_snapshot_id": "snap-4cc3bbbcc9775c632",
            "sriov_net_support": "",
            "state": "available",
            "state_reason": {
              "code": "UNSET",
              "message": "UNSET"
            },
            "tags": {},
            "timeouts": null,
            "tpm_support": "",
            "uefi_data": null,
            "usage_operation": "",
            "virtualization_type": "hvm"
          },
          "sensitive_attributes": [],
          "identity_schema_version": 0
        }
      ]
    },
    {
      "mode": "data",
      "type": "aws_caller_identity",
      "name": "current",
      "provider": "provider[\"registry.terraform.io/hashicorp/aws\"]",
      "instances": [
        {
          "schema_version": 0,
          "attributes": {
            "account_id": "000000000000",
            "arn": "arn:aws:iam::000000000000:root",
            "id": "000000000000",
            "user_id": "AKIAIOSFODNN7EXAMPLE"
          },
          "sensitive_attributes": [],
          "identity_schema_version": 0
        }
      ]
    },
    {
      "mode": "data",
      "type": "aws_iam_policy_document",
      "name": "bucket_policy",
      "provider": "provider[\"registry.terraform.io/hashicorp/aws\"]",
      "instances": [
        {
          "index_key": "test1",
          "schema_version": 0,
          "attributes": {
            "id": "1947234426",
            "json": "{\n  \"Version\": \"2012-10-17\",\n  \"Statement\": [\n    {\n      \"Sid\": \"DenyInsecureTransport\",\n      \"Effect\": \"Deny\",\n      \"Action\": \"s3:*\",\n      \"Resource\": [\n        \"arn:aws:s3:::test1/*\",\n        \"arn:aws:s3:::test1\"\n      ],\n      \"Principal\": \"*\",\n      \"Condition\": {\n        \"Bool\": {\n          \"aws:SecureTransport\": \"false\"\n        }\n      }\n    },\n    {\n      \"Sid\": \"DenyBucketLevelExceptInstanceRole\",\n      \"Effect\": \"Deny\",\n      \"Action\": [\n        \"s3:ListBucketMultipartUploads\",\n        \"s3:ListBucket\",\n        \"s3:GetBucketLocation\"\n      ],\n      \"Resource\": \"arn:aws:s3:::test1\",\n      \"Principal\": \"*\",\n      \"Condition\": {\n        \"StringNotLike\": {\n          \"aws:PrincipalArn\": \"arn:aws:sts::000000000000:assumed-role/demo-ec2-role/*\"\n        }\n      }\n    },\n    {\n      \"Sid\": \"DenyObjectLevelExceptInstanceRole\",\n      \"Effect\": \"Deny\",\n      \"Action\": \"s3:*\",\n      \"Resource\": \"arn:aws:s3:::test1/*\",\n      \"Principal\": \"*\",\n      \"Condition\": {\n        \"StringNotLike\": {\n          \"aws:PrincipalArn\": \"arn:aws:sts::000000000000:assumed-role/demo-ec2-role/*\"\n        }\n      }\n    }\n  ]\n}",
            "minified_json": "{\"Version\":\"2012-10-17\",\"Statement\":[{\"Sid\":\"DenyInsecureTransport\",\"Effect\":\"Deny\",\"Action\":\"s3:*\",\"Resource\":[\"arn:aws:s3:::test1/*\",\"arn:aws:s3:::test1\"],\"Principal\":\"*\",\"Condition\":{\"Bool\":{\"aws:SecureTransport\":\"false\"}}},{\"Sid\":\"DenyBucketLevelExceptInstanceRole\",\"Effect\":\"Deny\",\"Action\":[\"s3:ListBucketMultipartUploads\",\"s3:ListBucket\",\"s3:GetBucketLocation\"],\"Resource\":\"arn:aws:s3:::test1\",\"Principal\":\"*\",\"Condition\":{\"StringNotLike\":{\"aws:PrincipalArn\":\"arn:aws:sts::000000000000:assumed-role/demo-ec2-role/*\"}}},{\"Sid\":\"DenyObjectLevelExceptInstanceRole\",\"Effect\":\"Deny\",\"Action\":\"s3:*\",\"Resource\":\"arn:aws:s3:::test1/*\",\"Principal\":\"*\",\"Condition\":{\"StringNotLike\":{\"aws:PrincipalArn\":\"arn:aws:sts::000000000000:assumed-role/demo-ec2-role/*\"}}}]}",
            "override_json": null,
            "override_policy_documents": null,
            "policy_id": null,
            "source_json": null,
            "source_policy_documents": null,
            "statement": [
              {
                "actions": [
                  "s3:*"
                ],
                "condition": [
                  {
                    "test": "Bool",
                    "values": [
                      "false"
                    ],
                    "variable": "aws:SecureTransport"
                  }
                ],
                "effect": "Deny",
                "not_actions": [],
                "not_principals": [],
                "not_resources": [],
                "principals": [
                  {
                    "identifiers": [
                      "*"
                    ],
                    "type": "*"
                  }
                ],
                "resources": [
                  "arn:aws:s3:::test1",
                  "arn:aws:s3:::test1/*"
                ],
                "sid": "DenyInsecureTransport"
              },
              {
                "actions": [
                  "s3:GetBucketLocation",
                  "s3:ListBucket",
                  "s3:ListBucketMultipartUploads"
                ],
                "condition": [
                  {
                    "test": "StringNotLike",
                    "values": [
                      "arn:aws:sts::000000000000:assumed-role/demo-ec2-role/*"
                    ],
                    "variable": "aws:PrincipalArn"
                  }
                ],
                "effect": "Deny",
                "not_actions": [],
                "not_principals": [],
                "not_resources": [],
                "principals": [
                  {
                    "identifiers": [
                      "*"
                    ],
                    "type": "*"
                  }
                ],
                "resources": [
                  "arn:aws:s3:::test1"
                ],
                "sid": "DenyBucketLevelExceptInstanceRole"
              },
              {
                "actions": [
                  "s3:*"
                ],
                "condition": [
                  {
                    "test": "StringNotLike",
                    "values": [
                      "arn:aws:sts::000000000000:assumed-role/demo-ec2-role/*"
                    ],
                    "variable": "aws:PrincipalArn"
                  }
                ],
                "effect": "Deny",
                "not_actions": [],
                "not_principals": [],
                "not_resources": [],
                "principals": [
                  {
                    "identifiers": [
                      "*"
                    ],
                    "type": "*"
                  }
                ],
                "resources": [
                  "arn:aws:s3:::test1/*"
                ],
                "sid": "DenyObjectLevelExceptInstanceRole"
              }
            ],
            "version": "2012-10-17"
          },
          "sensitive_attributes": [],
          "identity_schema_version": 0
        },
        {
          "index_key": "test2",
          "schema_version": 0,
          "attributes": {
            "id": "3575295521",
            "json": "{\n  \"Version\": \"2012-10-17\",\n  \"Statement\": [\n    {\n      \"Sid\": \"DenyInsecureTransport\",\n      \"Effect\": \"Deny\",\n      \"Action\": \"s3:*\",\n      \"Resource\": [\n        \"arn:aws:s3:::test2/*\",\n        \"arn:aws:s3:::test2\"\n      ],\n      \"Principal\": \"*\",\n      \"Condition\": {\n        \"Bool\": {\n          \"aws:SecureTransport\": \"false\"\n        }\n      }\n    },\n    {\n      \"Sid\": \"DenyBucketLevelExceptInstanceRole\",\n      \"Effect\": \"Deny\",\n      \"Action\": [\n        \"s3:ListBucketMultipartUploads\",\n        \"s3:ListBucket\",\n        \"s3:GetBucketLocation\"\n      ],\n      \"Resource\": \"arn:aws:s3:::test2\",\n      \"Principal\": \"*\",\n      \"Condition\": {\n        \"StringNotLike\": {\n          \"aws:PrincipalArn\": \"arn:aws:sts::000000000000:assumed-role/demo-ec2-role/*\"\n        }\n      }\n    },\n    {\n      \"Sid\": \"DenyObjectLevelExceptInstanceRole\",\n      \"Effect\": \"Deny\",\n      \"Action\": \"s3:*\",\n      \"Resource\": \"arn:aws:s3:::test2/*\",\n      \"Principal\": \"*\",\n      \"Condition\": {\n        \"StringNotLike\": {\n          \"aws:PrincipalArn\": \"arn:aws:sts::000000000000:assumed-role/demo-ec2-role/*\"\n        }\n      }\n    }\n  ]\n}",
            "minified_json": "{\"Version\":\"2012-10-17\",\"Statement\":[{\"Sid\":\"DenyInsecureTransport\",\"Effect\":\"Deny\",\"Action\":\"s3:*\",\"Resource\":[\"arn:aws:s3:::test2/*\",\"arn:aws:s3:::test2\"],\"Principal\":\"*\",\"Condition\":{\"Bool\":{\"aws:SecureTransport\":\"false\"}}},{\"Sid\":\"DenyBucketLevelExceptInstanceRole\",\"Effect\":\"Deny\",\"Action\":[\"s3:ListBucketMultipartUploads\",\"s3:ListBucket\",\"s3:GetBucketLocation\"],\"Resource\":\"arn:aws:s3:::test2\",\"Principal\":\"*\",\"Condition\":{\"StringNotLike\":{\"aws:PrincipalArn\":\"arn:aws:sts::000000000000:assumed-role/demo-ec2-role/*\"}}},{\"Sid\":\"DenyObjectLevelExceptInstanceRole\",\"Effect\":\"Deny\",\"Action\":\"s3:*\",\"Resource\":\"arn:aws:s3:::test2/*\",\"Principal\":\"*\",\"Condition\":{\"StringNotLike\":{\"aws:PrincipalArn\":\"arn:aws:sts::000000000000:assumed-role/demo-ec2-role/*\"}}}]}",
            "override_json": null,
            "override_policy_documents": null,
            "policy_id": null,
            "source_json": null,
            "source_policy_documents": null,
            "statement": [
              {
                "actions": [
                  "s3:*"
                ],
                "condition": [
                  {
                    "test": "Bool",
                    "values": [
                      "false"
                    ],
                    "variable": "aws:SecureTransport"
                  }
                ],
                "effect": "Deny",
                "not_actions": [],
                "not_principals": [],
                "not_resources": [],
                "principals": [
                  {
                    "identifiers": [
                      "*"
                    ],
                    "type": "*"
                  }
                ],
                "resources": [
                  "arn:aws:s3:::test2",
                  "arn:aws:s3:::test2/*"
                ],
                "sid": "DenyInsecureTransport"
              },
              {
                "actions": [
                  "s3:GetBucketLocation",
                  "s3:ListBucket",
                  "s3:ListBucketMultipartUploads"
                ],
                "condition": [
                  {
                    "test": "StringNotLike",
                    "values": [
                      "arn:aws:sts::000000000000:assumed-role/demo-ec2-role/*"
                    ],
                    "variable": "aws:PrincipalArn"
                  }
                ],
                "effect": "Deny",
                "not_actions": [],
                "not_principals": [],
                "not_resources": [],
                "principals": [
                  {
                    "identifiers": [
                      "*"
                    ],
                    "type": "*"
                  }
                ],
                "resources": [
                  "arn:aws:s3:::test2"
                ],
                "sid": "DenyBucketLevelExceptInstanceRole"
              },
              {
                "actions": [
                  "s3:*"
                ],
                "condition": [
                  {
                    "test": "StringNotLike",
                    "values": [
                      "arn:aws:sts::000000000000:assumed-role/demo-ec2-role/*"
                    ],
                    "variable": "aws:PrincipalArn"
                  }
                ],
                "effect": "Deny",
                "not_actions": [],
                "not_principals": [],
                "not_resources": [],
                "principals": [
                  {
                    "identifiers": [
                      "*"
                    ],
                    "type": "*"
                  }
                ],
                "resources": [
                  "arn:aws:s3:::test2/*"
                ],
                "sid": "DenyObjectLevelExceptInstanceRole"
              }
            ],
            "version": "2012-10-17"
          },
          "sensitive_attributes": [],
          "identity_schema_version": 0
        },
        {
          "index_key": "test3",
          "schema_version": 0,
          "attributes": {
            "id": "3051559912",
            "json": "{\n  \"Version\": \"2012-10-17\",\n  \"Statement\": [\n    {\n      \"Sid\": \"DenyInsecureTransport\",\n      \"Effect\": \"Deny\",\n      \"Action\": \"s3:*\",\n      \"Resource\": [\n        \"arn:aws:s3:::test3/*\",\n        \"arn:aws:s3:::test3\"\n      ],\n      \"Principal\": \"*\",\n      \"Condition\": {\n        \"Bool\": {\n          \"aws:SecureTransport\": \"false\"\n        }\n      }\n    },\n    {\n      \"Sid\": \"DenyBucketLevelExceptInstanceRole\",\n      \"Effect\": \"Deny\",\n      \"Action\": [\n        \"s3:ListBucketMultipartUploads\",\n        \"s3:ListBucket\",\n        \"s3:GetBucketLocation\"\n      ],\n      \"Resource\": \"arn:aws:s3:::test3\",\n      \"Principal\": \"*\",\n      \"Condition\": {\n        \"StringNotLike\": {\n          \"aws:PrincipalArn\": \"arn:aws:sts::000000000000:assumed-role/demo-ec2-role/*\"\n        }\n      }\n    },\n    {\n      \"Sid\": \"DenyObjectLevelExceptInstanceRole\",\n      \"Effect\": \"Deny\",\n      \"Action\": \"s3:*\",\n      \"Resource\": \"arn:aws:s3:::test3/*\",\n      \"Principal\": \"*\",\n      \"Condition\": {\n        \"StringNotLike\": {\n          \"aws:PrincipalArn\": \"arn:aws:sts::000000000000:assumed-role/demo-ec2-role/*\"\n        }\n      }\n    }\n  ]\n}",
            "minified_json": "{\"Version\":\"2012-10-17\",\"Statement\":[{\"Sid\":\"DenyInsecureTransport\",\"Effect\":\"Deny\",\"Action\":\"s3:*\",\"Resource\":[\"arn:aws:s3:::test3/*\",\"arn:aws:s3:::test3\"],\"Principal\":\"*\",\"Condition\":{\"Bool\":{\"aws:SecureTransport\":\"false\"}}},{\"Sid\":\"DenyBucketLevelExceptInstanceRole\",\"Effect\":\"Deny\",\"Action\":[\"s3:ListBucketMultipartUploads\",\"s3:ListBucket\",\"s3:GetBucketLocation\"],\"Resource\":\"arn:aws:s3:::test3\",\"Principal\":\"*\",\"Condition\":{\"StringNotLike\":{\"aws:PrincipalArn\":\"arn:aws:sts::000000000000:assumed-role/demo-ec2-role/*\"}}},{\"Sid\":\"DenyObjectLevelExceptInstanceRole\",\"Effect\":\"Deny\",\"Action\":\"s3:*\",\"Resource\":\"arn:aws:s3:::test3/*\",\"Principal\":\"*\",\"Condition\":{\"StringNotLike\":{\"aws:PrincipalArn\":\"arn:aws:sts::000000000000:assumed-role/demo-ec2-role/*\"}}}]}",
            "override_json": null,
            "override_policy_documents": null,
            "policy_id": null,
            "source_json": null,
            "source_policy_documents": null,
            "statement": [
              {
                "actions": [
                  "s3:*"
                ],
                "condition": [
                  {
                    "test": "Bool",
                    "values": [
                      "false"
                    ],
                    "variable": "aws:SecureTransport"
                  }
                ],
                "effect": "Deny",
                "not_actions": [],
                "not_principals": [],
                "not_resources": [],
                "principals": [
                  {
                    "identifiers": [
                      "*"
                    ],
                    "type": "*"
                  }
                ],
                "resources": [
                  "arn:aws:s3:::test3",
                  "arn:aws:s3:::test3/*"
                ],
                "sid": "DenyInsecureTransport"
              },
              {
                "actions": [
                  "s3:GetBucketLocation",
                  "s3:ListBucket",
                  "s3:ListBucketMultipartUploads"
                ],
                "condition": [
                  {
                    "test": "StringNotLike",
                    "values": [
                      "arn:aws:sts::000000000000:assumed-role/demo-ec2-role/*"
                    ],
                    "variable": "aws:PrincipalArn"
                  }
                ],
                "effect": "Deny",
                "not_actions": [],
                "not_principals": [],
                "not_resources": [],
                "principals": [
                  {
                    "identifiers": [
                      "*"
                    ],
                    "type": "*"
                  }
                ],
                "resources": [
                  "arn:aws:s3:::test3"
                ],
                "sid": "DenyBucketLevelExceptInstanceRole"
              },
              {
                "actions": [
                  "s3:*"
                ],
                "condition": [
                  {
                    "test": "StringNotLike",
                    "values": [
                      "arn:aws:sts::000000000000:assumed-role/demo-ec2-role/*"
                    ],
                    "variable": "aws:PrincipalArn"
                  }
                ],
                "effect": "Deny",
                "not_actions": [],
                "not_principals": [],
                "not_resources": [],
                "principals": [
                  {
                    "identifiers": [
                      "*"
                    ],
                    "type": "*"
                  }
                ],
                "resources": [
                  "arn:aws:s3:::test3/*"
                ],
                "sid": "DenyObjectLevelExceptInstanceRole"
              }
            ],
            "version": "2012-10-17"
          },
          "sensitive_attributes": [],
          "identity_schema_version": 0
        }
      ]
    },
    {
      "mode": "data",
      "type": "aws_iam_policy_document",
      "name": "ec2_assume_role",
      "provider": "provider[\"registry.terraform.io/hashicorp/aws\"]",
      "instances": [
        {
          "schema_version": 0,
          "attributes": {
            "id": "2851119427",
            "json": "{\n  \"Version\": \"2012-10-17\",\n  \"Statement\": [\n    {\n      \"Effect\": \"Allow\",\n      \"Action\": \"sts:AssumeRole\",\n      \"Principal\": {\n        \"Service\": \"ec2.amazonaws.com\"\n      }\n    }\n  ]\n}",
            "minified_json": "{\"Version\":\"2012-10-17\",\"Statement\":[{\"Effect\":\"Allow\",\"Action\":\"sts:AssumeRole\",\"Principal\":{\"Service\":\"ec2.amazonaws.com\"}}]}",
            "override_json": null,
            "override_policy_documents": null,
            "policy_id": null,
            "source_json": null,
            "source_policy_documents": null,
            "statement": [
              {
                "actions": [
                  "sts:AssumeRole"
                ],
                "condition": [],
                "effect": "Allow",
                "not_actions": [],
                "not_principals": [],
                "not_resources": [],
                "principals": [
                  {
                    "identifiers": [
                      "ec2.amazonaws.com"
                    ],
                    "type": "Service"
                  }
                ],
                "resources": [],
                "sid": ""
              }
            ],
            "version": "2012-10-17"
          },
          "sensitive_attributes": [],
          "identity_schema_version": 0
        }
      ]
    },
    {
      "mode": "data",
      "type": "aws_iam_policy_document",
      "name": "role_s3_allow",
      "provider": "provider[\"registry.terraform.io/hashicorp/aws\"]",
      "instances": [
        {
          "schema_version": 0,
          "attributes": {
            "id": "3536512737",
            "json": "{\n  \"Version\": \"2012-10-17\",\n  \"Statement\": [\n    {\n      \"Sid\": \"BucketLevel\",\n      \"Effect\": \"Allow\",\n      \"Action\": [\n        \"s3:ListBucketMultipartUploads\",\n        \"s3:ListBucket\",\n        \"s3:GetBucketLocation\"\n      ],\n      \"Resource\": [\n        \"arn:aws:s3:::test3\",\n        \"arn:aws:s3:::test2\",\n        \"arn:aws:s3:::test1\"\n      ]\n    },\n    {\n      \"Sid\": \"ObjectLevel\",\n      \"Effect\": \"Allow\",\n      \"Action\": [\n        \"s3:PutObject\",\n        \"s3:GetObjectVersion\",\n        \"s3:GetObject\",\n        \"s3:DeleteObject\",\n        \"s3:AbortMultipartUpload\"\n      ],\n      \"Resource\": [\n        \"arn:aws:s3:::test3/*\",\n        \"arn:aws:s3:::test2/*\",\n        \"arn:aws:s3:::test1/*\"\n      ]\n    }\n  ]\n}",
            "minified_json": "{\"Version\":\"2012-10-17\",\"Statement\":[{\"Sid\":\"BucketLevel\",\"Effect\":\"Allow\",\"Action\":[\"s3:ListBucketMultipartUploads\",\"s3:ListBucket\",\"s3:GetBucketLocation\"],\"Resource\":[\"arn:aws:s3:::test3\",\"arn:aws:s3:::test2\",\"arn:aws:s3:::test1\"]},{\"Sid\":\"ObjectLevel\",\"Effect\":\"Allow\",\"Action\":[\"s3:PutObject\",\"s3:GetObjectVersion\",\"s3:GetObject\",\"s3:DeleteObject\",\"s3:AbortMultipartUpload\"],\"Resource\":[\"arn:aws:s3:::test3/*\",\"arn:aws:s3:::test2/*\",\"arn:aws:s3:::test1/*\"]}]}",
            "override_json": null,
            "override_policy_documents": null,
            "policy_id": null,
            "source_json": null,
            "source_policy_documents": null,
            "statement": [
              {
                "actions": [
                  "s3:GetBucketLocation",
                  "s3:ListBucket",
                  "s3:ListBucketMultipartUploads"
                ],
                "condition": [],
                "effect": "Allow",
                "not_actions": [],
                "not_principals": [],
                "not_resources": [],
                "principals": [],
                "resources": [
                  "arn:aws:s3:::test1",
                  "arn:aws:s3:::test2",
                  "arn:aws:s3:::test3"
                ],
                "sid": "BucketLevel"
              },
              {
                "actions": [
                  "s3:AbortMultipartUpload",
                  "s3:DeleteObject",
                  "s3:GetObject",
                  "s3:GetObjectVersion",
                  "s3:PutObject"
                ],
                "condition": [],
                "effect": "Allow",
                "not_actions": [],
                "not_principals": [],
                "not_resources": [],
                "principals": [],
                "resources": [
                  "arn:aws:s3:::test1/*",
                  "arn:aws:s3:::test2/*",
                  "arn:aws:s3:::test3/*"
                ],
                "sid": "ObjectLevel"
              }
            ],
            "version": "2012-10-17"
          },
          "sensitive_attributes": [],
          "identity_schema_version": 0
        }
      ]
    },
    {
      "mode": "data",
      "type": "aws_subnets",
      "name": "default",
      "provider": "provider[\"registry.terraform.io/hashicorp/aws\"]",
      "instances": [
        {
          "schema_version": 0,
          "attributes": {
            "filter": [
              {
                "name": "vpc-id",
                "values": [
                  "vpc-80d075740bfab6e4b"
                ]
              }
            ],
            "id": "us-east-1",
            "ids": [
              "subnet-28bead27641620fb4",
              "subnet-936f4d25f5a2a3426",
              "subnet-e5e122300fe0cc626",
              "subnet-b9c05125c7ab634a6",
              "subnet-b596e0ad8bf3622dc",
              "subnet-a0f55b5ca5e20132b"
            ],
            "region": "us-east-1",
            "tags": null,
            "timeouts": null
          },
          "sensitive_attributes": [],
          "identity_schema_version": 0
        }
      ]
    },
    {
      "mode": "data",
      "type": "aws_vpc",
      "name": "default",
      "provider": "provider[\"registry.terraform.io/hashicorp/aws\"]",
      "instances": [
        {
          "schema_version": 0,
          "attributes": {
            "arn": "arn:aws:ec2:us-east-1:000000000000:vpc/vpc-80d075740bfab6e4b",
            "cidr_block": "172.31.0.0/16",
            "cidr_block_associations": [
              {
                "association_id": "vpc-cidr-assoc-1de122f9e8e5be3ca",
                "cidr_block": "172.31.0.0/16",
                "state": "associated"
              }
            ],
            "default": true,
            "dhcp_options_id": "default",
            "enable_dns_hostnames": true,
            "enable_dns_support": true,
            "enable_network_address_usage_metrics": false,
            "filter": null,
            "id": "vpc-80d075740bfab6e4b",
            "instance_tenancy": "default",
            "ipv6_association_id": "",
            "ipv6_cidr_block": "",
            "main_route_table_id": "rtb-2892f1c669aa1463d",
            "owner_id": "000000000000",
            "region": "us-east-1",
            "state": null,
            "tags": {},
            "timeouts": null
          },
          "sensitive_attributes": [],
          "identity_schema_version": 0
        }
      ]
    },
    {
      "mode": "managed",
      "type": "aws_iam_instance_profile",
      "name": "ec2_profile",
      "provider": "provider[\"registry.terraform.io/hashicorp/aws\"]",
      "instances": [
        {
          "schema_version": 0,
          "attributes": {
            "arn": "arn:aws:iam::000000000000:instance-profile/demo-ec2-profile",
            "create_date": "2025-08-08T11:07:36Z",
            "id": "demo-ec2-profile",
            "name": "demo-ec2-profile",
            "name_prefix": "",
            "path": "/",
            "role": "demo-ec2-role",
            "tags": null,
            "tags_all": {},
            "unique_id": "1qa40l2ny60nqqqntxr3"
          },
          "sensitive_attributes": [],
          "identity_schema_version": 0,
          "private": "bnVsbA==",
          "dependencies": [
            "aws_iam_role.ec2_role",
            "data.aws_iam_policy_document.ec2_assume_role"
          ]
        }
      ]
    },
    {
      "mode": "managed",
      "type": "aws_iam_policy",
      "name": "role_s3_allow",
      "provider": "provider[\"registry.terraform.io/hashicorp/aws\"]",
      "instances": [
        {
          "schema_version": 0,
          "attributes": {
            "arn": "arn:aws:iam::000000000000:policy/demo-ec2-s3-allow",
            "attachment_count": 0,
            "description": "",
            "id": "arn:aws:iam::000000000000:policy/demo-ec2-s3-allow",
            "name": "demo-ec2-s3-allow",
            "name_prefix": "",
            "path": "/",
            "policy": "{\"Statement\":[{\"Action\":[\"s3:ListBucketMultipartUploads\",\"s3:ListBucket\",\"s3:GetBucketLocation\"],\"Effect\":\"Allow\",\"Resource\":[\"arn:aws:s3:::test3\",\"arn:aws:s3:::test2\",\"arn:aws:s3:::test1\"],\"Sid\":\"BucketLevel\"},{\"Action\":[\"s3:PutObject\",\"s3:GetObjectVersion\",\"s3:GetObject\",\"s3:DeleteObject\",\"s3:AbortMultipartUpload\"],\"Effect\":\"Allow\",\"Resource\":[\"arn:aws:s3:::test3/*\",\"arn:aws:s3:::test2/*\",\"arn:aws:s3:::test1/*\"],\"Sid\":\"ObjectLevel\"}],\"Version\":\"2012-10-17\"}",
            "policy_id": "A5CG7Z1L0KXFF671ELBJL",
            "tags": null,
            "tags_all": {}
          },
          "sensitive_attributes": [],
          "identity_schema_version": 0,
          "identity": {
            "arn": "arn:aws:iam::000000000000:policy/demo-ec2-s3-allow"
          },
          "private": "bnVsbA==",
          "dependencies": [
            "aws_s3_bucket.buckets",
            "data.aws_iam_policy_document.role_s3_allow"
          ]
        }
      ]
    },
    {
      "mode": "managed",
      "type": "aws_iam_role",
      "name": "ec2_role",
      "provider": "provider[\"registry.terraform.io/hashicorp/aws\"]",
      "instances": [
        {
          "schema_version": 0,
          "attributes": {
            "arn": "arn:aws:iam::000000000000:role/demo-ec2-role",
            "assume_role_policy": "{\"Statement\":[{\"Action\":\"sts:AssumeRole\",\"Effect\":\"Allow\",\"Principal\":{\"Service\":\"ec2.amazonaws.com\"}}],\"Version\":\"2012-10-17\"}",
            "create_date": "2025-08-08T11:07:36Z",
            "description": "",
            "force_detach_policies": false,
            "id": "demo-ec2-role",
            "inline_policy": [],
            "managed_policy_arns": [],
            "max_session_duration": 3600,
            "name": "demo-ec2-role",
            "name_prefix": "",
            "path": "/",
            "permissions_boundary": "",
            "tags": null,
            "tags_all": {},
            "unique_id": "AROAQAAAAAAAFE2DBN4O7"
          },
          "sensitive_attributes": [],
          "identity_schema_version": 0,
          "identity": {
            "account_id": "000000000000",
            "name": "demo-ec2-role"
          },
          "private": "bnVsbA==",
          "dependencies": [
            "data.aws_iam_policy_document.ec2_assume_role"
          ]
        }
      ]
    },
    {
      "mode": "managed",
      "type": "aws_iam_role_policy_attachment",
      "name": "attach_role_s3",
      "provider": "provider[\"registry.terraform.io/hashicorp/aws\"]",
      "instances": [
        {
          "schema_version": 0,
          "attributes": {
            "id": "demo-ec2-role/arn:aws:iam::000000000000:policy/demo-ec2-s3-allow",
            "policy_arn": "arn:aws:iam::000000000000:policy/demo-ec2-s3-allow",
            "role": "demo-ec2-role"
          },
          "sensitive_attributes": [],
          "identity_schema_version": 0,
          "identity": {
            "account_id": "000000000000",
            "policy_arn": "arn:aws:iam::000000000000:policy/demo-ec2-s3-allow",
            "role": "demo-ec2-role"
          },
          "private": "bnVsbA==",
          "dependencies": [
            "aws_iam_policy.role_s3_allow",
            "aws_iam_role.ec2_role",
            "aws_s3_bucket.buckets",
            "data.aws_iam_policy_document.ec2_assume_role",
            "data.aws_iam_policy_document.role_s3_allow"
          ]
        }
      ]
    },
    {
      "mode": "managed",
      "type": "aws_instance",
      "name": "ec2",
      "provider": "provider[\"registry.terraform.io/hashicorp/aws\"]",
      "instances": [
        {
          "schema_version": 2,
          "attributes": {
            "ami": "ami-0e052aea824e7a452",
            "arn": "arn:aws:ec2:us-east-1:000000000000:instance/i-c635346acf1126796",
            "associate_public_ip_address": true,
            "availability_zone": "us-east-1a",
            "capacity_reservation_specification": [],
            "cpu_options": [],
            "credit_specification": [],
            "disable_api_stop": false,
            "disable_api_termination": false,
            "ebs_block_device": [],
            "ebs_optimized": false,
            "enable_primary_ipv6": null,
            "enclave_options": [],
            "ephemeral_block_device": [],
            "force_destroy": false,
            "get_password_data": false,
            "hibernation": false,
            "host_id": "",
            "host_resource_group_arn": null,
            "iam_instance_profile": "demo-ec2-profile",
            "id": "i-c635346acf1126796",
            "instance_initiated_shutdown_behavior": "stop",
            "instance_lifecycle": "",
            "instance_market_options": [],
            "instance_state": "running",
            "instance_type": "t3.micro",
            "ipv6_address_count": 0,
            "ipv6_addresses": [],
            "key_name": "",
            "launch_template": [],
            "maintenance_options": [],
            "metadata_options": [
              {
                "http_endpoint": "enabled",
                "http_protocol_ipv6": "disabled",
                "http_put_response_hop_limit": 1,
                "http_tokens": "optional",
                "instance_metadata_tags": "disabled"
              }
            ],
            "monitoring": false,
            "network_interface": [],
            "outpost_arn": "",
            "password_data": "",
            "placement_group": "",
            "placement_partition_number": 0,
            "primary_network_interface_id": "eni-1ad697201007c5007",
            "private_dns": "ip-172-31-0-4.ec2.internal",
            "private_dns_name_options": [],
            "private_ip": "172.31.0.4",
            "public_dns": "ec2-54-214-109-2.localhost.localstack.cloud",
            "public_ip": "54.214.109.2",
            "region": "us-east-1",
            "root_block_device": [
              {
                "delete_on_termination": true,
                "device_name": "/dev/sda1",
                "encrypted": false,
                "iops": 0,
                "kms_key_id": "",
                "tags": {},
                "tags_all": {},
                "throughput": 0,
                "volume_id": "vol-b842a25c2fa71cb1d",
                "volume_size": 8,
                "volume_type": "gp2"
              }
            ],
            "secondary_private_ips": [],
            "security_groups": [],
            "source_dest_check": true,
            "spot_instance_request_id": "",
            "subnet_id": "subnet-28bead27641620fb4",
            "tags": {
              "Name": "demo-ec2"
            },
            "tags_all": {
              "Name": "demo-ec2"
            },
            "tenancy": "default",
            "timeouts": null,
            "user_data": null,
            "user_data_base64": null,
            "user_data_replace_on_change": false,
            "volume_tags": null,
            "vpc_security_group_ids": [
              "sg-beacf4d8a0c2fbc98"
            ]
          },
          "sensitive_attributes": [],
          "identity_schema_version": 0,
          "private": "eyJlMmJmYjczMC1lY2FhLTExZTYtOGY4OC0zNDM2M2JjN2M0YzAiOnsiY3JlYXRlIjo2MDAwMDAwMDAwMDAsImRlbGV0ZSI6MTIwMDAwMDAwMDAwMCwicmVhZCI6OTAwMDAwMDAwMDAwLCJ1cGRhdGUiOjYwMDAwMDAwMDAwMH0sInNjaGVtYV92ZXJzaW9uIjoiMiJ9",
          "dependencies": [
            "aws_iam_instance_profile.ec2_profile",
            "aws_iam_role.ec2_role",
            "aws_security_group.ec2_sg",
            "data.aws_ami.al2023",
            "data.aws_iam_policy_document.ec2_assume_role",
            "data.aws_subnets.default",
            "data.aws_vpc.default"
          ]
        }
      ]
    },
    {
      "mode": "managed",
      "type": "aws_instance",
      "name": "ec2_secondary",
      "provider": "provider[\"registry.terraform.io/hashicorp/aws\"]",
      "instances": [
        {
          "schema_version": 2,
          "attributes": {
            "ami": "ami-0e052aea824e7a452",
            "arn": "arn:aws:ec2:us-east-1:000000000000:instance/i-bb3deb12f3c4b0189",
            "associate_public_ip_address": true,
            "availability_zone": "us-east-1b",
            "capacity_reservation_specification": [],
            "cpu_options": [],
            "credit_specification": [],
            "disable_api_stop": false,
            "disable_api_termination": false,
            "ebs_block_device": [],
            "ebs_optimized": false,
            "enable_primary_ipv6": null,
            "enclave_options": [],
            "ephemeral_block_device": [],
            "force_destroy": false,
            "get_password_data": false,
            "hibernation": false,
            "host_id": "",
            "host_resource_group_arn": null,
            "iam_instance_profile": "demo-ec2-profile",
            "id": "i-bb3deb12f3c4b0189",
            "instance_initiated_shutdown_behavior": "stop",
            "instance_lifecycle": "",
            "instance_market_options": [],
            "instance_state": "running",
            "instance_type": "t3.micro",
            "ipv6_address_count": 0,
            "ipv6_addresses": [],
            "key_name": "",
            "launch_template": [],
            "maintenance_options": [],
            "metadata_options": [
              {
                "http_endpoint": "enabled",
                "http_protocol_ipv6": "disabled",
                "http_put_response_hop_limit": 1,
                "http_tokens": "optional",
                "instance_metadata_tags": "disabled"
              }
            ],
            "monitoring": false,
            "network_interface": [],
            "outpost_arn": "",
            "password_data": "",
            "placement_group": "",
            "placement_partition_number": 0,
            "primary_network_interface_id": "eni-643fda50cd23ffc7e",
            "private_dns": "ip-172-31-16-4.ec2.internal",
            "private_dns_name_options": [],
            "private_ip": "172.31.16.4",
            "public_dns": "ec2-54-214-134-175.localhost.localstack.cloud",
            "public_ip": "54.214.134.175",
            "region": "us-east-1",
            "root_block_device": [
              {
                "delete_on_termination": true,
                "device_name": "/dev/sda1",
                "encrypted": false,
                "iops": 0,
                "kms_key_id": "",
                "tags": {},
                "tags_all": {},
                "throughput": 0,
                "volume_id": "vol-4abb197aab638b86d",
                "volume_size": 8,
                "volume_type": "gp2"
              }
            ],
            "secondary_private_ips": [],
            "security_groups": [],
            "source_dest_check": true,
            "spot_instance_request_id": "",
            "subnet_id": "subnet-936f4d25f5a2a3426",
            "tags": {
              "Name": "demo-ec2-secondary"
            },
            "tags_all": {
              "Name": "demo-ec2-secondary"
            },
            "tenancy": "default",
            "timeouts": null,
            "user_data": null,
            "user_data_base64": null,
            "user_data_replace_on_change": false,
            "volume_tags": null,
            "vpc_security_group_ids": [
              "sg-beacf4d8a0c2fbc98"
            ]
          },
          "sensitive_attributes": [],
          "identity_schema_version": 0,
          "private": "eyJlMmJmYjczMC1lY2FhLTExZTYtOGY4OC0zNDM2M2JjN2M0YzAiOnsiY3JlYXRlIjo2MDAwMDAwMDAwMDAsImRlbGV0ZSI6MTIwMDAwMDAwMDAwMCwicmVhZCI6OTAwMDAwMDAwMDAwLCJ1cGRhdGUiOjYwMDAwMDAwMDAwMH0sInNjaGVtYV92ZXJzaW9uIjoiMiJ9",
          "dependencies": [
            "aws_iam_instance_profile.ec2_profile",
            "aws_iam_role.ec2_role",
            "aws_security_group.ec2_sg",
            "data.aws_ami.al2023",
            "data.aws_iam_policy_document.ec2_assume_role",
            "data.aws_subnets.default",
            "data.aws_vpc.default"
          ]
        }
      ]
    },
    {
      "mode": "managed",
      "type": "aws_s3_bucket",
      "name": "buckets",
      "provider": "provider[\"registry.terraform.io/hashicorp/aws\"]",
      "instances": [
        {
          "index_key": "test1",
          "schema_version": 0,
          "attributes": {
            "acceleration_status": "",
            "acl": null,
            "arn": "arn:aws:s3:::test1",
            "bucket": "test1",
            "bucket_domain_name": "test1.s3.amazonaws.com",
            "bucket_prefix": "",
            "bucket_region": "us-east-1",
            "bucket_regional_domain_name": "test1.s3.us-east-1.amazonaws.com",
            "cors_rule": [],
            "force_destroy": false,
            "grant": [
              {
                "id": "75aa57f09aa0c8caeab4f8c24e99d10f8e7faeebf76c078efc7c6caea54ba06a",
                "permissions": [
                  "FULL_CONTROL"
                ],
                "type": "CanonicalUser",
                "uri": ""
              }
            ],
            "hosted_zone_id": "Z3AQBSTGFYJSTF",
            "id": "test1",
            "lifecycle_rule": [],
            "logging": [],
            "object_lock_configuration": [],
            "object_lock_enabled": false,
            "policy": "",
            "region": "us-east-1",
            "replication_configuration": [],
            "request_payer": "BucketOwner",
            "server_side_encryption_configuration": [
              {
                "rule": [
                  {
                    "apply_server_side_encryption_by_default": [
                      {
                        "kms_master_key_id": "",
                        "sse_algorithm": "AES256"
                      }
                    ],
                    "bucket_key_enabled": false
                  }
                ]
              }
            ],
            "tags": {
              "Name": "test1"
            },
            "tags_all": {
              "Name": "test1"
            },
            "timeouts": null,
            "versioning": [
              {
                "enabled": false,
                "mfa_delete": false
              }
            ],
            "website": [],
            "website_domain": null,
            "website_endpoint": null
          },
          "sensitive_attributes": [],
          "identity_schema_version": 0,
          "identity": {
            "account_id": "000000000000",
            "bucket": "test1",
            "region": "us-east-1"
          },
          "private": "eyJlMmJmYjczMC1lY2FhLTExZTYtOGY4OC0zNDM2M2JjN2M0YzAiOnsiY3JlYXRlIjoxMjAwMDAwMDAwMDAwLCJkZWxldGUiOjM2MDAwMDAwMDAwMDAsInJlYWQiOjEyMDAwMDAwMDAwMDAsInVwZGF0ZSI6MTIwMDAwMDAwMDAwMH19"
        },
        {
          "index_key": "test2",
          "schema_version": 0,
          "attributes": {
            "acceleration_status": "",
            "acl": null,
            "arn": "arn:aws:s3:::test2",
            "bucket": "test2",
            "bucket_domain_name": "test2.s3.amazonaws.com",
            "bucket_prefix": "",
            "bucket_region": "us-east-1",
            "bucket_regional_domain_name": "test2.s3.us-east-1.amazonaws.com",
            "cors_rule": [],
            "force_destroy": false,
            "grant": [
              {
                "id": "75aa57f09aa0c8caeab4f8c24e99d10f8e7faeebf76c078efc7c6caea54ba06a",
                "permissions": [
                  "FULL_CONTROL"
                ],
                "type": "CanonicalUser",
                "uri": ""
              }
            ],
            "hosted_zone_id": "Z3AQBSTGFYJSTF",
            "id": "test2",
            "lifecycle_rule": [],
            "logging": [],
            "object_lock_configuration": [],
            "object_lock_enabled": false,
            "policy": "",
            "region": "us-east-1",
            "replication_configuration": [],
            "request_payer": "BucketOwner",
            "server_side_encryption_configuration": [
              {
                "rule": [
                  {
                    "apply_server_side_encryption_by_default": [
                      {
                        "kms_master_key_id": "",
                        "sse_algorithm": "AES256"
                      }
                    ],
                    "bucket_key_enabled": false
                  }
                ]
              }
            ],
            "tags": {
              "Name": "test2"
            },
            "tags_all": {
              "Name": "test2"
            },
            "timeouts": null,
            "versioning": [
              {
                "enabled": false,
                "mfa_delete": false
              }
            ],
            "website": [],
            "website_domain": null,
            "website_endpoint": null
          },
          "sensitive_attributes": [],
          "identity_schema_version": 0,
          "identity": {
            "account_id": "000000000000",
            "bucket": "test2",
            "region": "us-east-1"
          },
          "private": "eyJlMmJmYjczMC1lY2FhLTExZTYtOGY4OC0zNDM2M2JjN2M0YzAiOnsiY3JlYXRlIjoxMjAwMDAwMDAwMDAwLCJkZWxldGUiOjM2MDAwMDAwMDAwMDAsInJlYWQiOjEyMDAwMDAwMDAwMDAsInVwZGF0ZSI6MTIwMDAwMDAwMDAwMH19"
        },
        {
          "index_key": "test3",
          "schema_version": 0,
          "attributes": {
            "acceleration_status": "",
            "acl": null,
            "arn": "arn:aws:s3:::test3",
            "bucket": "test3",
            "bucket_domain_name": "test3.s3.amazonaws.com",
            "bucket_prefix": "",
            "bucket_region": "us-east-1",
            "bucket_regional_domain_name": "test3.s3.us-east-1.amazonaws.com",
            "cors_rule": [],
            "force_destroy": false,
            "grant": [
              {
                "id": "75aa57f09aa0c8caeab4f8c24e99d10f8e7faeebf76c078efc7c6caea54ba06a",
                "permissions": [
                  "FULL_CONTROL"
                ],
                "type": "CanonicalUser",
                "uri": ""
              }
            ],
            "hosted_zone_id": "Z3AQBSTGFYJSTF",
            "id": "test3",
            "lifecycle_rule": [],
            "logging": [],
            "object_lock_configuration": [],
            "object_lock_enabled": false,
            "policy": "",
            "region": "us-east-1",
            "replication_configuration": [],
            "request_payer": "BucketOwner",
            "server_side_encryption_configuration": [
              {
                "rule": [
                  {
                    "apply_server_side_encryption_by_default": [
                      {
                        "kms_master_key_id": "",
                        "sse_algorithm": "AES256"
                      }
                    ],
                    "bucket_key_enabled": false
                  }
                ]
              }
            ],
            "tags": {
              "Name": "test3"
            },
            "tags_all": {
              "Name": "test3"
            },
            "timeouts": null,
            "versioning": [
              {
                "enabled": false,
                "mfa_delete": false
              }
            ],
            "website": [],
            "website_domain": null,
            "website_endpoint": null
          },
          "sensitive_attributes": [],
          "identity_schema_version": 0,
          "identity": {
            "account_id": "000000000000",
            "bucket": "test3",
            "region": "us-east-1"
          },
          "private": "eyJlMmJmYjczMC1lY2FhLTExZTYtOGY4OC0zNDM2M2JjN2M0YzAiOnsiY3JlYXRlIjoxMjAwMDAwMDAwMDAwLCJkZWxldGUiOjM2MDAwMDAwMDAwMDAsInJlYWQiOjEyMDAwMDAwMDAwMDAsInVwZGF0ZSI6MTIwMDAwMDAwMDAwMH19"
        }
      ]
    },
    {
      "mode": "managed",
      "type": "aws_s3_bucket_ownership_controls",
      "name": "ownership",
      "provider": "provider[\"registry.terraform.io/hashicorp/aws\"]",
      "instances": [
        {
          "index_key": "test1",
          "schema_version": 0,
          "attributes": {
            "bucket": "test1",
            "id": "test1",
            "region": "us-east-1",
            "rule": [
              {
                "object_ownership": "BucketOwnerEnforced"
              }
            ]
          },
          "sensitive_attributes": [],
          "identity_schema_version": 0,
          "private": "bnVsbA==",
          "dependencies": [
            "aws_s3_bucket.buckets"
          ]
        },
        {
          "index_key": "test2",
          "schema_version": 0,
          "attributes": {
            "bucket": "test2",
            "id": "test2",
            "region": "us-east-1",
            "rule": [
              {
                "object_ownership": "BucketOwnerEnforced"
              }
            ]
          },
          "sensitive_attributes": [],
          "identity_schema_version": 0,
          "private": "bnVsbA==",
          "dependencies": [
            "aws_s3_bucket.buckets"
          ]
        },
        {
          "index_key": "test3",
          "schema_version": 0,
          "attributes": {
            "bucket": "test3",
            "id": "test3",
            "region": "us-east-1",
            "rule": [
              {
                "object_ownership": "BucketOwnerEnforced"
              }
            ]
          },
          "sensitive_attributes": [],
          "identity_schema_version": 0,
          "private": "bnVsbA==",
          "dependencies": [
            "aws_s3_bucket.buckets"
          ]
        }
      ]
    },
    {
      "mode": "managed",
      "type": "aws_s3_bucket_policy",
      "name": "apply",
      "provider": "provider[\"registry.terraform.io/hashicorp/aws\"]",
      "instances": [
        {
          "index_key": "test1",
          "schema_version": 0,
          "attributes": {
            "bucket": "test1",
            "id": "test1",
            "policy": "{\"Statement\":[{\"Action\":\"s3:*\",\"Condition\":{\"Bool\":{\"aws:SecureTransport\":\"false\"}},\"Effect\":\"Deny\",\"Principal\":\"*\",\"Resource\":[\"arn:aws:s3:::test1/*\",\"arn:aws:s3:::test1\"],\"Sid\":\"DenyInsecureTransport\"},{\"Action\":[\"s3:ListBucketMultipartUploads\",\"s3:ListBucket\",\"s3:GetBucketLocation\"],\"Condition\":{\"StringNotLike\":{\"aws:PrincipalArn\":\"arn:aws:sts::000000000000:assumed-role/demo-ec2-role/*\"}},\"Effect\":\"Deny\",\"Principal\":\"*\",\"Resource\":\"arn:aws:s3:::test1\",\"Sid\":\"DenyBucketLevelExceptInstanceRole\"},{\"Action\":\"s3:*\",\"Condition\":{\"StringNotLike\":{\"aws:PrincipalArn\":\"arn:aws:sts::000000000000:assumed-role/demo-ec2-role/*\"}},\"Effect\":\"Deny\",\"Principal\":\"*\",\"Resource\":\"arn:aws:s3:::test1/*\",\"Sid\":\"DenyObjectLevelExceptInstanceRole\"}],\"Version\":\"2012-10-17\"}",
            "region": "us-east-1"
          },
          "sensitive_attributes": [],
          "identity_schema_version": 0,
          "private": "bnVsbA==",
          "dependencies": [
            "aws_iam_role.ec2_role",
            "aws_s3_bucket.buckets",
            "aws_s3_bucket_ownership_controls.ownership",
            "aws_s3_bucket_public_access_block.block_public",
            "aws_s3_bucket_server_side_encryption_configuration.sse",
            "data.aws_caller_identity.current",
            "data.aws_iam_policy_document.bucket_policy",
            "data.aws_iam_policy_document.ec2_assume_role"
          ]
        },
        {
          "index_key": "test2",
          "schema_version": 0,
          "attributes": {
            "bucket": "test2",
            "id": "test2",
            "policy": "{\"Statement\":[{\"Action\":\"s3:*\",\"Condition\":{\"Bool\":{\"aws:SecureTransport\":\"false\"}},\"Effect\":\"Deny\",\"Principal\":\"*\",\"Resource\":[\"arn:aws:s3:::test2/*\",\"arn:aws:s3:::test2\"],\"Sid\":\"DenyInsecureTransport\"},{\"Action\":[\"s3:ListBucketMultipartUploads\",\"s3:ListBucket\",\"s3:GetBucketLocation\"],\"Condition\":{\"StringNotLike\":{\"aws:PrincipalArn\":\"arn:aws:sts::000000000000:assumed-role/demo-ec2-role/*\"}},\"Effect\":\"Deny\",\"Principal\":\"*\",\"Resource\":\"arn:aws:s3:::test2\",\"Sid\":\"DenyBucketLevelExceptInstanceRole\"},{\"Action\":\"s3:*\",\"Condition\":{\"StringNotLike\":{\"aws:PrincipalArn\":\"arn:aws:sts::000000000000:assumed-role/demo-ec2-role/*\"}},\"Effect\":\"Deny\",\"Principal\":\"*\",\"Resource\":\"arn:aws:s3:::test2/*\",\"Sid\":\"DenyObjectLevelExceptInstanceRole\"}],\"Version\":\"2012-10-17\"}",
            "region": "us-east-1"
          },
          "sensitive_attributes": [],
          "identity_schema_version": 0,
          "private": "bnVsbA==",
          "dependencies": [
            "aws_iam_role.ec2_role",
            "aws_s3_bucket.buckets",
            "aws_s3_bucket_ownership_controls.ownership",
            "aws_s3_bucket_public_access_block.block_public",
            "aws_s3_bucket_server_side_encryption_configuration.sse",
            "data.aws_caller_identity.current",
            "data.aws_iam_policy_document.bucket_policy",
            "data.aws_iam_policy_document.ec2_assume_role"
          ]
        },
        {
          "index_key": "test3",
          "schema_version": 0,
          "attributes": {
            "bucket": "test3",
            "id": "test3",
            "policy": "{\"Statement\":[{\"Action\":\"s3:*\",\"Condition\":{\"Bool\":{\"aws:SecureTransport\":\"false\"}},\"Effect\":\"Deny\",\"Principal\":\"*\",\"Resource\":[\"arn:aws:s3:::test3/*\",\"arn:aws:s3:::test3\"],\"Sid\":\"DenyInsecureTransport\"},{\"Action\":[\"s3:ListBucketMultipartUploads\",\"s3:ListBucket\",\"s3:GetBucketLocation\"],\"Condition\":{\"StringNotLike\":{\"aws:PrincipalArn\":\"arn:aws:sts::000000000000:assumed-role/demo-ec2-role/*\"}},\"Effect\":\"Deny\",\"Principal\":\"*\",\"Resource\":\"arn:aws:s3:::test3\",\"Sid\":\"DenyBucketLevelExceptInstanceRole\"},{\"Action\":\"s3:*\",\"Condition\":{\"StringNotLike\":{\"aws:PrincipalArn\":\"arn:aws:sts::000000000000:assumed-role/demo-ec2-role/*\"}},\"Effect\":\"Deny\",\"Principal\":\"*\",\"Resource\":\"arn:aws:s3:::test3/*\",\"Sid\":\"DenyObjectLevelExceptInstanceRole\"}],\"Version\":\"2012-10-17\"}",
            "region": "us-east-1"
          },
          "sensitive_attributes": [],
          "identity_schema_version": 0,
          "private": "bnVsbA==",
          "dependencies": [
            "aws_iam_role.ec2_role",
            "aws_s3_bucket.buckets",
            "aws_s3_bucket_ownership_controls.ownership",
            "aws_s3_bucket_public_access_block.block_public",
            "aws_s3_bucket_server_side_encryption_configuration.sse",
            "data.aws_caller_identity.current",
            "data.aws_iam_policy_document.bucket_policy",
            "data.aws_iam_policy_document.ec2_assume_role"
          ]
        }
      ]
    },
    {
      "mode": "managed",
      "type": "aws_s3_bucket_public_access_block",
      "name": "block_public",
      "provider": "provider[\"registry.terraform.io/hashicorp/aws\"]",
      "instances": [
        {
          "index_key": "test1",
          "schema_version": 0,
          "attributes": {
            "block_public_acls": true,
            "block_public_policy": true,
            "bucket": "test1",
            "id": "test1",
            "ignore_public_acls": true,
            "region": "us-east-1",
            "restrict_public_buckets": true,
            "skip_destroy": null
          },
          "sensitive_attributes": [],
          "identity_schema_version": 0,
          "private": "bnVsbA==",
          "dependencies": [
            "aws_s3_bucket.buckets"
          ]
        },
        {
          "index_key": "test2",
          "schema_version": 0,
          "attributes": {
            "block_public_acls": true,
            "block_public_policy": true,
            "bucket": "test2",
            "id": "test2",
            "ignore_public_acls": true,
            "region": "us-east-1",
            "restrict_public_buckets": true,
            "skip_destroy": null
          },
          "sensitive_attributes": [],
          "identity_schema_version": 0,
          "private": "bnVsbA==",
          "dependencies": [
            "aws_s3_bucket.buckets"
          ]
        },
        {
          "index_key": "test3",
          "schema_version": 0,
          "attributes": {
            "block_public_acls": true,
            "block_public_policy": true,
            "bucket": "test3",
            "id": "test3",
            "ignore_public_acls": true,
            "region": "us-east-1",
            "restrict_public_buckets": true,
            "skip_destroy": null
          },
          "sensitive_attributes": [],
          "identity_schema_version": 0,
          "private": "bnVsbA==",
          "dependencies": [
            "aws_s3_bucket.buckets"
          ]
        }
      ]
    },
    {
      "mode": "managed",
      "type": "aws_s3_bucket_server_side_encryption_configuration",
      "name": "sse",
      "provider": "provider[\"registry.terraform.io/hashicorp/aws\"]",
      "instances": [
        {
          "index_key": "test1",
          "schema_version": 0,
          "attributes": {
            "bucket": "test1",
            "expected_bucket_owner": "",
            "id": "test1",
            "region": "us-east-1",
            "rule": [
              {
                "apply_server_side_encryption_by_default": [
                  {
                    "kms_master_key_id": "",
                    "sse_algorithm": "AES256"
                  }
                ],
                "bucket_key_enabled": null
              }
            ]
          },
          "sensitive_attributes": [],
          "identity_schema_version": 0,
          "private": "bnVsbA==",
          "dependencies": [
            "aws_s3_bucket.buckets"
          ]
        },
        {
          "index_key": "test2",
          "schema_version": 0,
          "attributes": {
            "bucket": "test2",
            "expected_bucket_owner": "",
            "id": "test2",
            "region": "us-east-1",
            "rule": [
              {
                "apply_server_side_encryption_by_default": [
                  {
                    "kms_master_key_id": "",
                    "sse_algorithm": "AES256"
                  }
                ],
                "bucket_key_enabled": null
              }
            ]
          },
          "sensitive_attributes": [],
          "identity_schema_version": 0,
          "private": "bnVsbA==",
          "dependencies": [
            "aws_s3_bucket.buckets"
          ]
        },
        {
          "index_key": "test3",
          "schema_version": 0,
          "attributes": {
            "bucket": "test3",
            "expected_bucket_owner": "",
            "id": "test3",
            "region": "us-east-1",
            "rule": [
              {
                "apply_server_side_encryption_by_default": [
                  {
                    "kms_master_key_id": "",
                    "sse_algorithm": "AES256"
                  }
                ],
                "bucket_key_enabled": null
              }
            ]
          },
          "sensitive_attributes": [],
          "identity_schema_version": 0,
          "private": "bnVsbA==",
          "dependencies": [
            "aws_s3_bucket.buckets"
          ]
        }
      ]
    },
    {
      "mode": "managed",
      "type": "aws_security_group",
      "name": "ec2_sg",
      "provider": "provider[\"registry.terraform.io/hashicorp/aws\"]",
      "instances": [
        {
          "schema_version": 1,
          "attributes": {
            "arn": "arn:aws:ec2:us-east-1:000000000000:security-group/sg-beacf4d8a0c2fbc98",
            "description": "Egress-only; no inbound by default",
            "egress": [
              {
                "cidr_blocks": [
                  "0.0.0.0/0"
                ],
                "description": "",
                "from_port": 0,
                "ipv6_cidr_blocks": [
                  "::/0"
                ],
                "prefix_list_ids": [],
                "protocol": "-1",
                "security_groups": [],
                "self": false,
                "to_port": 0
              }
            ],
            "id": "sg-beacf4d8a0c2fbc98",
            "ingress": [],
            "name": "demo-ec2-sg",
            "name_prefix": "",
            "owner_id": "000000000000",
            "region": "us-east-1",
            "revoke_rules_on_delete": false,
            "tags": {
              "Name": "demo-ec2-sg"
            },
            "tags_all": {
              "Name": "demo-ec2-sg"
            },
            "timeouts": null,
            "vpc_id": "vpc-80d075740bfab6e4b"
          },
          "sensitive_attributes": [],
          "identity_schema_version": 0,
          "identity": {
            "account_id": "000000000000",
            "id": "sg-beacf4d8a0c2fbc98",
            "region": "us-east-1"
          },
          "private": "eyJlMmJmYjczMC1lY2FhLTExZTYtOGY4OC0zNDM2M2JjN2M0YzAiOnsiY3JlYXRlIjo2MDAwMDAwMDAwMDAsImRlbGV0ZSI6OTAwMDAwMDAwMDAwfSwic2NoZW1hX3ZlcnNpb24iOiIxIn0=",
          "dependencies": [
            "data.aws_vpc.default"
          ]
        }
      ]
    }
  ],
  "check_results": null
}
